// !$*UTF8*$!
{
	archiveVersion = 1;
	classes = {
	};
	objectVersion = 56;
	objects = {

/* Begin PBXBuildFile section */
		290D34B1299D49A300D825E5 /* Item.swift in Sources */ = {isa = PBXBuildFile; fileRef = 290D34B0299D49A300D825E5 /* Item.swift */; };
		290D34B3299D4A7600D825E5 /* List.swift in Sources */ = {isa = PBXBuildFile; fileRef = 290D34B2299D4A7600D825E5 /* List.swift */; };
		290D34C9299D8BD300D825E5 /* ListController.swift in Sources */ = {isa = PBXBuildFile; fileRef = 290D34C8299D8BD300D825E5 /* ListController.swift */; };
		290D34CB299D8E2500D825E5 /* ItemController.swift in Sources */ = {isa = PBXBuildFile; fileRef = 290D34CA299D8E2500D825E5 /* ItemController.swift */; };
		290D34CD299D940600D825E5 /* ListsTableViewController.swift in Sources */ = {isa = PBXBuildFile; fileRef = 290D34CC299D940600D825E5 /* ListsTableViewController.swift */; };
		290D34D0299D94FA00D825E5 /* ListsTableViewCell.swift in Sources */ = {isa = PBXBuildFile; fileRef = 290D34CF299D94FA00D825E5 /* ListsTableViewCell.swift */; };
		29E6A604299BE20500E92A08 /* AppDelegate.swift in Sources */ = {isa = PBXBuildFile; fileRef = 29E6A603299BE20500E92A08 /* AppDelegate.swift */; };
		29E6A606299BE20500E92A08 /* SceneDelegate.swift in Sources */ = {isa = PBXBuildFile; fileRef = 29E6A605299BE20500E92A08 /* SceneDelegate.swift */; };
		29E6A608299BE20500E92A08 /* ViewController.swift in Sources */ = {isa = PBXBuildFile; fileRef = 29E6A607299BE20500E92A08 /* ViewController.swift */; };
		29E6A60B299BE20500E92A08 /* Main.storyboard in Resources */ = {isa = PBXBuildFile; fileRef = 29E6A609299BE20500E92A08 /* Main.storyboard */; };
		29E6A60D299BE20700E92A08 /* Assets.xcassets in Resources */ = {isa = PBXBuildFile; fileRef = 29E6A60C299BE20700E92A08 /* Assets.xcassets */; };
		29E6A610299BE20700E92A08 /* LaunchScreen.storyboard in Resources */ = {isa = PBXBuildFile; fileRef = 29E6A60E299BE20700E92A08 /* LaunchScreen.storyboard */; };
/* End PBXBuildFile section */

/* Begin PBXFileReference section */
		290D34B0299D49A300D825E5 /* Item.swift */ = {isa = PBXFileReference; lastKnownFileType = sourcecode.swift; path = Item.swift; sourceTree = "<group>"; };
		290D34B2299D4A7600D825E5 /* List.swift */ = {isa = PBXFileReference; lastKnownFileType = sourcecode.swift; path = List.swift; sourceTree = "<group>"; };
		290D34C8299D8BD300D825E5 /* ListController.swift */ = {isa = PBXFileReference; lastKnownFileType = sourcecode.swift; path = ListController.swift; sourceTree = "<group>"; };
		290D34CA299D8E2500D825E5 /* ItemController.swift */ = {isa = PBXFileReference; lastKnownFileType = sourcecode.swift; path = ItemController.swift; sourceTree = "<group>"; };
		290D34CC299D940600D825E5 /* ListsTableViewController.swift */ = {isa = PBXFileReference; lastKnownFileType = sourcecode.swift; path = ListsTableViewController.swift; sourceTree = "<group>"; };
		290D34CF299D94FA00D825E5 /* ListsTableViewCell.swift */ = {isa = PBXFileReference; lastKnownFileType = sourcecode.swift; path = ListsTableViewCell.swift; sourceTree = "<group>"; };
		29E6A600299BE20500E92A08 /* ToDo.app */ = {isa = PBXFileReference; explicitFileType = wrapper.application; includeInIndex = 0; path = ToDo.app; sourceTree = BUILT_PRODUCTS_DIR; };
		29E6A603299BE20500E92A08 /* AppDelegate.swift */ = {isa = PBXFileReference; lastKnownFileType = sourcecode.swift; path = AppDelegate.swift; sourceTree = "<group>"; };
		29E6A605299BE20500E92A08 /* SceneDelegate.swift */ = {isa = PBXFileReference; lastKnownFileType = sourcecode.swift; path = SceneDelegate.swift; sourceTree = "<group>"; };
		29E6A607299BE20500E92A08 /* ViewController.swift */ = {isa = PBXFileReference; lastKnownFileType = sourcecode.swift; path = ViewController.swift; sourceTree = "<group>"; };
		29E6A60A299BE20500E92A08 /* Base */ = {isa = PBXFileReference; lastKnownFileType = file.storyboard; name = Base; path = Base.lproj/Main.storyboard; sourceTree = "<group>"; };
		29E6A60C299BE20700E92A08 /* Assets.xcassets */ = {isa = PBXFileReference; lastKnownFileType = folder.assetcatalog; path = Assets.xcassets; sourceTree = "<group>"; };
		29E6A60F299BE20700E92A08 /* Base */ = {isa = PBXFileReference; lastKnownFileType = file.storyboard; name = Base; path = Base.lproj/LaunchScreen.storyboard; sourceTree = "<group>"; };
		29E6A611299BE20700E92A08 /* Info.plist */ = {isa = PBXFileReference; lastKnownFileType = text.plist.xml; path = Info.plist; sourceTree = "<group>"; };
/* End PBXFileReference section */

/* Begin PBXFrameworksBuildPhase section */
		29E6A5FD299BE20500E92A08 /* Frameworks */ = {
			isa = PBXFrameworksBuildPhase;
			buildActionMask = 2147483647;
			files = (
			);
			runOnlyForDeploymentPostprocessing = 0;
		};
/* End PBXFrameworksBuildPhase section */

/* Begin PBXGroup section */
		290D34CE299D94DB00D825E5 /* Custom Views */ = {
			isa = PBXGroup;
			children = (
				290D34CF299D94FA00D825E5 /* ListsTableViewCell.swift */,
			);
			path = "Custom Views";
			sourceTree = "<group>";
		};
		29E6A5F7299BE20500E92A08 = {
			isa = PBXGroup;
			children = (
				29E6A602299BE20500E92A08 /* ToDo */,
				29E6A601299BE20500E92A08 /* Products */,
			);
			sourceTree = "<group>";
		};
		29E6A601299BE20500E92A08 /* Products */ = {
			isa = PBXGroup;
			children = (
				29E6A600299BE20500E92A08 /* ToDo.app */,
			);
			name = Products;
			sourceTree = "<group>";
		};
		29E6A602299BE20500E92A08 /* ToDo */ = {
			isa = PBXGroup;
			children = (
				29E6A619299BE24600E92A08 /* Models */,
				29E6A61A299BE24D00E92A08 /* Model Controllers */,
				29E6A61B299BE25500E92A08 /* View Controllers */,
				29E6A618299BE22200E92A08 /* Storyboards */,
				29E6A617299BE21600E92A08 /* Supporting Files */,
			);
			path = ToDo;
			sourceTree = "<group>";
		};
		29E6A617299BE21600E92A08 /* Supporting Files */ = {
			isa = PBXGroup;
			children = (
				29E6A603299BE20500E92A08 /* AppDelegate.swift */,
				29E6A605299BE20500E92A08 /* SceneDelegate.swift */,
				29E6A607299BE20500E92A08 /* ViewController.swift */,
				29E6A60C299BE20700E92A08 /* Assets.xcassets */,
				29E6A611299BE20700E92A08 /* Info.plist */,
			);
			path = "Supporting Files";
			sourceTree = "<group>";
		};
		29E6A618299BE22200E92A08 /* Storyboards */ = {
			isa = PBXGroup;
			children = (
				29E6A609299BE20500E92A08 /* Main.storyboard */,
				29E6A60E299BE20700E92A08 /* LaunchScreen.storyboard */,
			);
			path = Storyboards;
			sourceTree = "<group>";
		};
		29E6A619299BE24600E92A08 /* Models */ = {
			isa = PBXGroup;
			children = (
				290D34B0299D49A300D825E5 /* Item.swift */,
				290D34B2299D4A7600D825E5 /* List.swift */,
			);
			path = Models;
			sourceTree = "<group>";
		};
		29E6A61A299BE24D00E92A08 /* Model Controllers */ = {
			isa = PBXGroup;
			children = (
				290D34C8299D8BD300D825E5 /* ListController.swift */,
				290D34CA299D8E2500D825E5 /* ItemController.swift */,
			);
			path = "Model Controllers";
			sourceTree = "<group>";
		};
		29E6A61B299BE25500E92A08 /* View Controllers */ = {
			isa = PBXGroup;
			children = (
				290D34CC299D940600D825E5 /* ListsTableViewController.swift */,
				290D34CE299D94DB00D825E5 /* Custom Views */,
			);
			path = "View Controllers";
			sourceTree = "<group>";
		};
/* End PBXGroup section */

/* Begin PBXNativeTarget section */
		29E6A5FF299BE20500E92A08 /* ToDo */ = {
			isa = PBXNativeTarget;
			buildConfigurationList = 29E6A614299BE20700E92A08 /* Build configuration list for PBXNativeTarget "ToDo" */;
			buildPhases = (
				29E6A5FC299BE20500E92A08 /* Sources */,
				29E6A5FD299BE20500E92A08 /* Frameworks */,
				29E6A5FE299BE20500E92A08 /* Resources */,
			);
			buildRules = (
			);
			dependencies = (
			);
			name = ToDo;
			productName = ToDo;
			productReference = 29E6A600299BE20500E92A08 /* ToDo.app */;
			productType = "com.apple.product-type.application";
		};
/* End PBXNativeTarget section */

/* Begin PBXProject section */
		29E6A5F8299BE20500E92A08 /* Project object */ = {
			isa = PBXProject;
			attributes = {
				BuildIndependentTargetsInParallel = 1;
				LastSwiftUpdateCheck = 1420;
				LastUpgradeCheck = 1420;
				TargetAttributes = {
					29E6A5FF299BE20500E92A08 = {
						CreatedOnToolsVersion = 14.2;
					};
				};
			};
			buildConfigurationList = 29E6A5FB299BE20500E92A08 /* Build configuration list for PBXProject "ToDo" */;
			compatibilityVersion = "Xcode 14.0";
			developmentRegion = en;
			hasScannedForEncodings = 0;
			knownRegions = (
				en,
				Base,
			);
			mainGroup = 29E6A5F7299BE20500E92A08;
			productRefGroup = 29E6A601299BE20500E92A08 /* Products */;
			projectDirPath = "";
			projectRoot = "";
			targets = (
				29E6A5FF299BE20500E92A08 /* ToDo */,
			);
		};
/* End PBXProject section */

/* Begin PBXResourcesBuildPhase section */
		29E6A5FE299BE20500E92A08 /* Resources */ = {
			isa = PBXResourcesBuildPhase;
			buildActionMask = 2147483647;
			files = (
				29E6A610299BE20700E92A08 /* LaunchScreen.storyboard in Resources */,
				29E6A60D299BE20700E92A08 /* Assets.xcassets in Resources */,
				29E6A60B299BE20500E92A08 /* Main.storyboard in Resources */,
			);
			runOnlyForDeploymentPostprocessing = 0;
		};
/* End PBXResourcesBuildPhase section */

/* Begin PBXSourcesBuildPhase section */
		29E6A5FC299BE20500E92A08 /* Sources */ = {
			isa = PBXSourcesBuildPhase;
			buildActionMask = 2147483647;
			files = (
				290D34CB299D8E2500D825E5 /* ItemController.swift in Sources */,
				290D34B1299D49A300D825E5 /* Item.swift in Sources */,
				290D34D0299D94FA00D825E5 /* ListsTableViewCell.swift in Sources */,
				29E6A608299BE20500E92A08 /* ViewController.swift in Sources */,
				29E6A604299BE20500E92A08 /* AppDelegate.swift in Sources */,
				290D34B3299D4A7600D825E5 /* List.swift in Sources */,
				29E6A606299BE20500E92A08 /* SceneDelegate.swift in Sources */,
				290D34C9299D8BD300D825E5 /* ListController.swift in Sources */,
				290D34CD299D940600D825E5 /* ListsTableViewController.swift in Sources */,
			);
			runOnlyForDeploymentPostprocessing = 0;
		};
/* End PBXSourcesBuildPhase section */

/* Begin PBXVariantGroup section */
		29E6A609299BE20500E92A08 /* Main.storyboard */ = {
			isa = PBXVariantGroup;
			children = (
				29E6A60A299BE20500E92A08 /* Base */,
			);
			name = Main.storyboard;
			sourceTree = "<group>";
		};
		29E6A60E299BE20700E92A08 /* LaunchScreen.storyboard */ = {
			isa = PBXVariantGroup;
			children = (
				29E6A60F299BE20700E92A08 /* Base */,
			);
			name = LaunchScreen.storyboard;
			sourceTree = "<group>";
		};
/* End PBXVariantGroup section */

/* Begin XCBuildConfiguration section */
		29E6A612299BE20700E92A08 /* Debug */ = {
			isa = XCBuildConfiguration;
			buildSettings = {
				ALWAYS_SEARCH_USER_PATHS = NO;
				CLANG_ANALYZER_NONNULL = YES;
				CLANG_ANALYZER_NUMBER_OBJECT_CONVERSION = YES_AGGRESSIVE;
				CLANG_CXX_LANGUAGE_STANDARD = "gnu++20";
				CLANG_ENABLE_MODULES = YES;
				CLANG_ENABLE_OBJC_ARC = YES;
				CLANG_ENABLE_OBJC_WEAK = YES;
				CLANG_WARN_BLOCK_CAPTURE_AUTORELEASING = YES;
				CLANG_WARN_BOOL_CONVERSION = YES;
				CLANG_WARN_COMMA = YES;
				CLANG_WARN_CONSTANT_CONVERSION = YES;
				CLANG_WARN_DEPRECATED_OBJC_IMPLEMENTATIONS = YES;
				CLANG_WARN_DIRECT_OBJC_ISA_USAGE = YES_ERROR;
				CLANG_WARN_DOCUMENTATION_COMMENTS = YES;
				CLANG_WARN_EMPTY_BODY = YES;
				CLANG_WARN_ENUM_CONVERSION = YES;
				CLANG_WARN_INFINITE_RECURSION = YES;
				CLANG_WARN_INT_CONVERSION = YES;
				CLANG_WARN_NON_LITERAL_NULL_CONVERSION = YES;
				CLANG_WARN_OBJC_IMPLICIT_RETAIN_SELF = YES;
				CLANG_WARN_OBJC_LITERAL_CONVERSION = YES;
				CLANG_WARN_OBJC_ROOT_CLASS = YES_ERROR;
				CLANG_WARN_QUOTED_INCLUDE_IN_FRAMEWORK_HEADER = YES;
				CLANG_WARN_RANGE_LOOP_ANALYSIS = YES;
				CLANG_WARN_STRICT_PROTOTYPES = YES;
				CLANG_WARN_SUSPICIOUS_MOVE = YES;
				CLANG_WARN_UNGUARDED_AVAILABILITY = YES_AGGRESSIVE;
				CLANG_WARN_UNREACHABLE_CODE = YES;
				CLANG_WARN__DUPLICATE_METHOD_MATCH = YES;
				COPY_PHASE_STRIP = NO;
				DEBUG_INFORMATION_FORMAT = dwarf;
				ENABLE_STRICT_OBJC_MSGSEND = YES;
				ENABLE_TESTABILITY = YES;
				GCC_C_LANGUAGE_STANDARD = gnu11;
				GCC_DYNAMIC_NO_PIC = NO;
				GCC_NO_COMMON_BLOCKS = YES;
				GCC_OPTIMIZATION_LEVEL = 0;
				GCC_PREPROCESSOR_DEFINITIONS = (
					"DEBUG=1",
					"$(inherited)",
				);
				GCC_WARN_64_TO_32_BIT_CONVERSION = YES;
				GCC_WARN_ABOUT_RETURN_TYPE = YES_ERROR;
				GCC_WARN_UNDECLARED_SELECTOR = YES;
				GCC_WARN_UNINITIALIZED_AUTOS = YES_AGGRESSIVE;
				GCC_WARN_UNUSED_FUNCTION = YES;
				GCC_WARN_UNUSED_VARIABLE = YES;
				IPHONEOS_DEPLOYMENT_TARGET = 16.2;
				MTL_ENABLE_DEBUG_INFO = INCLUDE_SOURCE;
				MTL_FAST_MATH = YES;
				ONLY_ACTIVE_ARCH = YES;
				SDKROOT = iphoneos;
				SWIFT_ACTIVE_COMPILATION_CONDITIONS = DEBUG;
				SWIFT_OPTIMIZATION_LEVEL = "-Onone";
			};
			name = Debug;
		};
		29E6A613299BE20700E92A08 /* Release */ = {
			isa = XCBuildConfiguration;
			buildSettings = {
				ALWAYS_SEARCH_USER_PATHS = NO;
				CLANG_ANALYZER_NONNULL = YES;
				CLANG_ANALYZER_NUMBER_OBJECT_CONVERSION = YES_AGGRESSIVE;
				CLANG_CXX_LANGUAGE_STANDARD = "gnu++20";
				CLANG_ENABLE_MODULES = YES;
				CLANG_ENABLE_OBJC_ARC = YES;
				CLANG_ENABLE_OBJC_WEAK = YES;
				CLANG_WARN_BLOCK_CAPTURE_AUTORELEASING = YES;
				CLANG_WARN_BOOL_CONVERSION = YES;
				CLANG_WARN_COMMA = YES;
				CLANG_WARN_CONSTANT_CONVERSION = YES;
				CLANG_WARN_DEPRECATED_OBJC_IMPLEMENTATIONS = YES;
				CLANG_WARN_DIRECT_OBJC_ISA_USAGE = YES_ERROR;
				CLANG_WARN_DOCUMENTATION_COMMENTS = YES;
				CLANG_WARN_EMPTY_BODY = YES;
				CLANG_WARN_ENUM_CONVERSION = YES;
				CLANG_WARN_INFINITE_RECURSION = YES;
				CLANG_WARN_INT_CONVERSION = YES;
				CLANG_WARN_NON_LITERAL_NULL_CONVERSION = YES;
				CLANG_WARN_OBJC_IMPLICIT_RETAIN_SELF = YES;
				CLANG_WARN_OBJC_LITERAL_CONVERSION = YES;
				CLANG_WARN_OBJC_ROOT_CLASS = YES_ERROR;
				CLANG_WARN_QUOTED_INCLUDE_IN_FRAMEWORK_HEADER = YES;
				CLANG_WARN_RANGE_LOOP_ANALYSIS = YES;
				CLANG_WARN_STRICT_PROTOTYPES = YES;
				CLANG_WARN_SUSPICIOUS_MOVE = YES;
				CLANG_WARN_UNGUARDED_AVAILABILITY = YES_AGGRESSIVE;
				CLANG_WARN_UNREACHABLE_CODE = YES;
				CLANG_WARN__DUPLICATE_METHOD_MATCH = YES;
				COPY_PHASE_STRIP = NO;
				DEBUG_INFORMATION_FORMAT = "dwarf-with-dsym";
				ENABLE_NS_ASSERTIONS = NO;
				ENABLE_STRICT_OBJC_MSGSEND = YES;
				GCC_C_LANGUAGE_STANDARD = gnu11;
				GCC_NO_COMMON_BLOCKS = YES;
				GCC_WARN_64_TO_32_BIT_CONVERSION = YES;
				GCC_WARN_ABOUT_RETURN_TYPE = YES_ERROR;
				GCC_WARN_UNDECLARED_SELECTOR = YES;
				GCC_WARN_UNINITIALIZED_AUTOS = YES_AGGRESSIVE;
				GCC_WARN_UNUSED_FUNCTION = YES;
				GCC_WARN_UNUSED_VARIABLE = YES;
				IPHONEOS_DEPLOYMENT_TARGET = 16.2;
				MTL_ENABLE_DEBUG_INFO = NO;
				MTL_FAST_MATH = YES;
				SDKROOT = iphoneos;
				SWIFT_COMPILATION_MODE = wholemodule;
				SWIFT_OPTIMIZATION_LEVEL = "-O";
				VALIDATE_PRODUCT = YES;
			};
			name = Release;
		};
		29E6A615299BE20700E92A08 /* Debug */ = {
			isa = XCBuildConfiguration;
			buildSettings = {
				ASSETCATALOG_COMPILER_APPICON_NAME = AppIcon;
				ASSETCATALOG_COMPILER_GLOBAL_ACCENT_COLOR_NAME = AccentColor;
				CODE_SIGN_STYLE = Automatic;
				CURRENT_PROJECT_VERSION = 1;
				DEVELOPMENT_TEAM = W6HRJ6R6XG;
				GENERATE_INFOPLIST_FILE = YES;
				INFOPLIST_FILE = "ToDo/Supporting Files/Info.plist";
				INFOPLIST_KEY_UIApplicationSupportsIndirectInputEvents = YES;
				INFOPLIST_KEY_UILaunchStoryboardName = LaunchScreen;
				INFOPLIST_KEY_UIMainStoryboardFile = Main;
				INFOPLIST_KEY_UISupportedInterfaceOrientations_iPad = "UIInterfaceOrientationPortrait UIInterfaceOrientationPortraitUpsideDown UIInterfaceOrientationLandscapeLeft UIInterfaceOrientationLandscapeRight";
				INFOPLIST_KEY_UISupportedInterfaceOrientations_iPhone = "UIInterfaceOrientationPortrait UIInterfaceOrientationLandscapeLeft UIInterfaceOrientationLandscapeRight";
				LD_RUNPATH_SEARCH_PATHS = (
					"$(inherited)",
					"@executable_path/Frameworks",
				);
				MARKETING_VERSION = 1.0;
				PRODUCT_BUNDLE_IDENTIFIER = com.Studio314.ToDo;
				PRODUCT_NAME = "$(TARGET_NAME)";
				SWIFT_EMIT_LOC_STRINGS = YES;
				SWIFT_VERSION = 5.0;
				TARGETED_DEVICE_FAMILY = "1,2";
			};
			name = Debug;
		};
		29E6A616299BE20700E92A08 /* Release */ = {
			isa = XCBuildConfiguration;
			buildSettings = {
				ASSETCATALOG_COMPILER_APPICON_NAME = AppIcon;
				ASSETCATALOG_COMPILER_GLOBAL_ACCENT_COLOR_NAME = AccentColor;
				CODE_SIGN_STYLE = Automatic;
				CURRENT_PROJECT_VERSION = 1;
				DEVELOPMENT_TEAM = W6HRJ6R6XG;
				GENERATE_INFOPLIST_FILE = YES;
				INFOPLIST_FILE = "ToDo/Supporting Files/Info.plist";
				INFOPLIST_KEY_UIApplicationSupportsIndirectInputEvents = YES;
				INFOPLIST_KEY_UILaunchStoryboardName = LaunchScreen;
				INFOPLIST_KEY_UIMainStoryboardFile = Main;
				INFOPLIST_KEY_UISupportedInterfaceOrientations_iPad = "UIInterfaceOrientationPortrait UIInterfaceOrientationPortraitUpsideDown UIInterfaceOrientationLandscapeLeft UIInterfaceOrientationLandscapeRight";
				INFOPLIST_KEY_UISupportedInterfaceOrientations_iPhone = "UIInterfaceOrientationPortrait UIInterfaceOrientationLandscapeLeft UIInterfaceOrientationLandscapeRight";
				LD_RUNPATH_SEARCH_PATHS = (
					"$(inherited)",
					"@executable_path/Frameworks",
				);
				MARKETING_VERSION = 1.0;
				PRODUCT_BUNDLE_IDENTIFIER = com.Studio314.ToDo;
				PRODUCT_NAME = "$(TARGET_NAME)";
				SWIFT_EMIT_LOC_STRINGS = YES;
				SWIFT_VERSION = 5.0;
				TARGETED_DEVICE_FAMILY = "1,2";
			};
			name = Release;
		};
/* End XCBuildConfiguration section */

/* Begin XCConfigurationList section */
		29E6A5FB299BE20500E92A08 /* Build configuration list for PBXProject "ToDo" */ = {
			isa = XCConfigurationList;
			buildConfigurations = (
				29E6A612299BE20700E92A08 /* Debug */,
				29E6A613299BE20700E92A08 /* Release */,
			);
			defaultConfigurationIsVisible = 0;
			defaultConfigurationName = Release;
		};
		29E6A614299BE20700E92A08 /* Build configuration list for PBXNativeTarget "ToDo" */ = {
			isa = XCConfigurationList;
			buildConfigurations = (
				29E6A615299BE20700E92A08 /* Debug */,
				29E6A616299BE20700E92A08 /* Release */,
			);
			defaultConfigurationIsVisible = 0;
			defaultConfigurationName = Release;
		};
/* End XCConfigurationList section */
	};
	rootObject = 29E6A5F8299BE20500E92A08 /* Project object */;
}
